
Microsoft Visual Studio Solution File, Format Version 12.00
# Visual Studio Version 17
VisualStudioVersion = 17.9.34723.18
MinimumVisualStudioVersion = 10.0.40219.1
Project("{FAE04EC0-301F-11D3-BF4B-00C04F79EFBC}") = "MyCRUD_App", "MyCRUD_App.csproj", "{643E8505-338B-4286-92C9-9DB80691F0B0}"
EndProject
Global
	GlobalSection(SolutionConfigurationPlatforms) = preSolution
		Debug|Any CPU = Debug|Any CPU
		Release|Any CPU = Release|Any CPU
	EndGlobalSection
	GlobalSection(ProjectConfigurationPlatforms) = postSolution
		{643E8505-338B-4286-92C9-9DB80691F0B0}.Debug|Any CPU.ActiveCfg = Debug|Any CPU
		{643E8505-338B-4286-92C9-9DB80691F0B0}.Debug|Any CPU.Build.0 = Debug|Any CPU
		{643E8505-338B-4286-92C9-9DB80691F0B0}.Release|Any CPU.ActiveCfg = Release|Any CPU
		{643E8505-338B-4286-92C9-9DB80691F0B0}.Release|Any CPU.Build.0 = Release|Any CPU
	EndGlobalSection
	GlobalSection(SolutionProperties) = preSolution
		HideSolutionNode = FALSE
	EndGlobalSection
	GlobalSection(ExtensibilityGlobals) = postSolution
		SolutionGuid = {8015A37A-E87F-4539-971F-1E67DFF7687F}
	EndGlobalSection
EndGlobal
